
Microsoft Visual Studio Solution File, Format Version 12.00
# Visual Studio Version 17
VisualStudioVersion = 17.9.34728.123
MinimumVisualStudioVersion = 10.0.40219.1
Project("{FAE04EC0-301F-11D3-BF4B-00C04F79EFBC}") = "MaskingDataBE", "MaskingDataBE\MaskingDataBE.csproj", "{11B10B40-FA5C-4B3D-BB23-214B91532CEA}"
EndProject
Global
	GlobalSection(SolutionConfigurationPlatforms) = preSolution
		Debug|Any CPU = Debug|Any CPU
		Release|Any CPU = Release|Any CPU
	EndGlobalSection
	GlobalSection(ProjectConfigurationPlatforms) = postSolution
		{11B10B40-FA5C-4B3D-BB23-214B91532CEA}.Debug|Any CPU.ActiveCfg = Debug|Any CPU
		{11B10B40-FA5C-4B3D-BB23-214B91532CEA}.Debug|Any CPU.Build.0 = Debug|Any CPU
		{11B10B40-FA5C-4B3D-BB23-214B91532CEA}.Release|Any CPU.ActiveCfg = Release|Any CPU
		{11B10B40-FA5C-4B3D-BB23-214B91532CEA}.Release|Any CPU.Build.0 = Release|Any CPU
	EndGlobalSection
	GlobalSection(SolutionProperties) = preSolution
		HideSolutionNode = FALSE
	EndGlobalSection
	GlobalSection(ExtensibilityGlobals) = postSolution
		SolutionGuid = {C21B7508-B5F5-49FC-9546-124F17BC6331}
	EndGlobalSection
EndGlobal
